
Microsoft Visual Studio Solution File, Format Version 12.00
# Visual Studio Version 17
VisualStudioVersion = 17.14.36930.0 d17.14
MinimumVisualStudioVersion = 10.0.40219.1
Project("{FAE04EC0-301F-11D3-BF4B-00C04F79EFBC}") = "PracticaSemana6", "PracticaSemana6.csproj", "{ED3D05C6-B3D8-4385-B8FD-68909EE93BA1}"
EndProject
Global
	GlobalSection(SolutionConfigurationPlatforms) = preSolution
		Debug|Any CPU = Debug|Any CPU
		Release|Any CPU = Release|Any CPU
	EndGlobalSection
	GlobalSection(ProjectConfigurationPlatforms) = postSolution
		{ED3D05C6-B3D8-4385-B8FD-68909EE93BA1}.Debug|Any CPU.ActiveCfg = Debug|Any CPU
		{ED3D05C6-B3D8-4385-B8FD-68909EE93BA1}.Debug|Any CPU.Build.0 = Debug|Any CPU
		{ED3D05C6-B3D8-4385-B8FD-68909EE93BA1}.Release|Any CPU.ActiveCfg = Release|Any CPU
		{ED3D05C6-B3D8-4385-B8FD-68909EE93BA1}.Release|Any CPU.Build.0 = Release|Any CPU
	EndGlobalSection
	GlobalSection(SolutionProperties) = preSolution
		HideSolutionNode = FALSE
	EndGlobalSection
	GlobalSection(ExtensibilityGlobals) = postSolution
		SolutionGuid = {B9BDBC83-EB12-42F0-A0BC-372D70D703FF}
	EndGlobalSection
EndGlobal
